// !$*UTF8*$!
{
	archiveVersion = 1;
	classes = {
	};
	objectVersion = 48;
	objects = {

/* Begin PBXBuildFile section */
		8F1BDDF32011850C0021D8C1 /* Random.swift in Sources */ = {isa = PBXBuildFile; fileRef = 8F1BDDF22011850C0021D8C1 /* Random.swift */; };
		8F1BDDF7201232440021D8C1 /* Array+Additions.swift in Sources */ = {isa = PBXBuildFile; fileRef = 8F1BDDF6201232440021D8C1 /* Array+Additions.swift */; };
		8F1BDE222012B34E0021D8C1 /* Vector3.swift in Sources */ = {isa = PBXBuildFile; fileRef = 8F1BDE212012B34E0021D8C1 /* Vector3.swift */; };
		8F4C938E20110E7800E544AD /* ConvexHull.framework in Frameworks */ = {isa = PBXBuildFile; fileRef = 8F4C938420110E7800E544AD /* ConvexHull.framework */; };
		8F4C939320110E7800E544AD /* ConvexHullTests.swift in Sources */ = {isa = PBXBuildFile; fileRef = 8F4C939220110E7800E544AD /* ConvexHullTests.swift */; };
		8F4C939520110E7800E544AD /* ConvexHull.h in Headers */ = {isa = PBXBuildFile; fileRef = 8F4C938720110E7800E544AD /* ConvexHull.h */; settings = {ATTRIBUTES = (Public, ); }; };
		8F4C93A32011134A00E544AD /* DataModel.swift in Sources */ = {isa = PBXBuildFile; fileRef = 8F4C93A22011134A00E544AD /* DataModel.swift */; };
		8F4C93A52011159100E544AD /* Collections.swift in Sources */ = {isa = PBXBuildFile; fileRef = 8F4C93A42011159100E544AD /* Collections.swift */; };
		8F4C93A920111EFE00E544AD /* ConvexHullAlgorithm.swift in Sources */ = {isa = PBXBuildFile; fileRef = 8F4C93A820111EFE00E544AD /* ConvexHullAlgorithm.swift */; };
		8F4C93AB201127C600E544AD /* ConvexFace.swift in Sources */ = {isa = PBXBuildFile; fileRef = 8F4C93AA201127C600E544AD /* ConvexFace.swift */; };
		8F4C93AD20112BD800E544AD /* Constants.swift in Sources */ = {isa = PBXBuildFile; fileRef = 8F4C93AC20112BD800E544AD /* Constants.swift */; };
		8F4C93AF20112F3000E544AD /* ConvexHull.swift in Sources */ = {isa = PBXBuildFile; fileRef = 8F4C93AE20112F3000E544AD /* ConvexHull.swift */; };
/* End PBXBuildFile section */

/* Begin PBXContainerItemProxy section */
		8F4C938F20110E7800E544AD /* PBXContainerItemProxy */ = {
			isa = PBXContainerItemProxy;
			containerPortal = 8F4C937B20110E7800E544AD /* Project object */;
			proxyType = 1;
			remoteGlobalIDString = 8F4C938320110E7800E544AD;
			remoteInfo = ConvexHull;
		};
/* End PBXContainerItemProxy section */

/* Begin PBXFileReference section */
		8F1BDDF22011850C0021D8C1 /* Random.swift */ = {isa = PBXFileReference; fileEncoding = 4; lastKnownFileType = sourcecode.swift; path = Random.swift; sourceTree = "<group>"; };
		8F1BDDF6201232440021D8C1 /* Array+Additions.swift */ = {isa = PBXFileReference; lastKnownFileType = sourcecode.swift; path = "Array+Additions.swift"; sourceTree = "<group>"; };
		8F1BDE212012B34E0021D8C1 /* Vector3.swift */ = {isa = PBXFileReference; lastKnownFileType = sourcecode.swift; path = Vector3.swift; sourceTree = "<group>"; };
		8F4C938420110E7800E544AD /* ConvexHull.framework */ = {isa = PBXFileReference; explicitFileType = wrapper.framework; includeInIndex = 0; path = ConvexHull.framework; sourceTree = BUILT_PRODUCTS_DIR; };
		8F4C938720110E7800E544AD /* ConvexHull.h */ = {isa = PBXFileReference; lastKnownFileType = sourcecode.c.h; path = ConvexHull.h; sourceTree = "<group>"; };
		8F4C938820110E7800E544AD /* Info.plist */ = {isa = PBXFileReference; lastKnownFileType = text.plist.xml; path = Info.plist; sourceTree = "<group>"; };
		8F4C938D20110E7800E544AD /* ConvexHullTests.xctest */ = {isa = PBXFileReference; explicitFileType = wrapper.cfbundle; includeInIndex = 0; path = ConvexHullTests.xctest; sourceTree = BUILT_PRODUCTS_DIR; };
		8F4C939220110E7800E544AD /* ConvexHullTests.swift */ = {isa = PBXFileReference; lastKnownFileType = sourcecode.swift; path = ConvexHullTests.swift; sourceTree = "<group>"; };
		8F4C939420110E7800E544AD /* Info.plist */ = {isa = PBXFileReference; lastKnownFileType = text.plist.xml; path = Info.plist; sourceTree = "<group>"; };
		8F4C93A22011134A00E544AD /* DataModel.swift */ = {isa = PBXFileReference; lastKnownFileType = sourcecode.swift; path = DataModel.swift; sourceTree = "<group>"; };
		8F4C93A42011159100E544AD /* Collections.swift */ = {isa = PBXFileReference; lastKnownFileType = sourcecode.swift; path = Collections.swift; sourceTree = "<group>"; };
		8F4C93A820111EFE00E544AD /* ConvexHullAlgorithm.swift */ = {isa = PBXFileReference; lastKnownFileType = sourcecode.swift; path = ConvexHullAlgorithm.swift; sourceTree = "<group>"; };
		8F4C93AA201127C600E544AD /* ConvexFace.swift */ = {isa = PBXFileReference; lastKnownFileType = sourcecode.swift; path = ConvexFace.swift; sourceTree = "<group>"; };
		8F4C93AC20112BD800E544AD /* Constants.swift */ = {isa = PBXFileReference; lastKnownFileType = sourcecode.swift; path = Constants.swift; sourceTree = "<group>"; };
		8F4C93AE20112F3000E544AD /* ConvexHull.swift */ = {isa = PBXFileReference; lastKnownFileType = sourcecode.swift; path = ConvexHull.swift; sourceTree = "<group>"; };
/* End PBXFileReference section */

/* Begin PBXFrameworksBuildPhase section */
		8F4C938020110E7800E544AD /* Frameworks */ = {
			isa = PBXFrameworksBuildPhase;
			buildActionMask = 2147483647;
			files = (
			);
			runOnlyForDeploymentPostprocessing = 0;
		};
		8F4C938A20110E7800E544AD /* Frameworks */ = {
			isa = PBXFrameworksBuildPhase;
			buildActionMask = 2147483647;
			files = (
				8F4C938E20110E7800E544AD /* ConvexHull.framework in Frameworks */,
			);
			runOnlyForDeploymentPostprocessing = 0;
		};
/* End PBXFrameworksBuildPhase section */

/* Begin PBXGroup section */
		8F4C937A20110E7800E544AD = {
			isa = PBXGroup;
			children = (
				8F4C938620110E7800E544AD /* ConvexHull */,
				8F4C939120110E7800E544AD /* ConvexHullTests */,
				8F4C938520110E7800E544AD /* Products */,
			);
			sourceTree = "<group>";
		};
		8F4C938520110E7800E544AD /* Products */ = {
			isa = PBXGroup;
			children = (
				8F4C938420110E7800E544AD /* ConvexHull.framework */,
				8F4C938D20110E7800E544AD /* ConvexHullTests.xctest */,
			);
			name = Products;
			sourceTree = "<group>";
		};
		8F4C938620110E7800E544AD /* ConvexHull */ = {
			isa = PBXGroup;
			children = (
				8F4C938720110E7800E544AD /* ConvexHull.h */,
				8F4C93A820111EFE00E544AD /* ConvexHullAlgorithm.swift */,
				8F1BDE212012B34E0021D8C1 /* Vector3.swift */,
				8F4C93AE20112F3000E544AD /* ConvexHull.swift */,
				8F4C93AA201127C600E544AD /* ConvexFace.swift */,
				8F4C93A22011134A00E544AD /* DataModel.swift */,
				8F4C93A42011159100E544AD /* Collections.swift */,
				8F4C93AC20112BD800E544AD /* Constants.swift */,
				8F1BDDF22011850C0021D8C1 /* Random.swift */,
				8F1BDDF6201232440021D8C1 /* Array+Additions.swift */,
				8F4C938820110E7800E544AD /* Info.plist */,
			);
			path = ConvexHull;
			sourceTree = "<group>";
		};
		8F4C939120110E7800E544AD /* ConvexHullTests */ = {
			isa = PBXGroup;
			children = (
				8F4C939220110E7800E544AD /* ConvexHullTests.swift */,
				8F4C939420110E7800E544AD /* Info.plist */,
			);
			path = ConvexHullTests;
			sourceTree = "<group>";
		};
/* End PBXGroup section */

/* Begin PBXHeadersBuildPhase section */
		8F4C938120110E7800E544AD /* Headers */ = {
			isa = PBXHeadersBuildPhase;
			buildActionMask = 2147483647;
			files = (
				8F4C939520110E7800E544AD /* ConvexHull.h in Headers */,
			);
			runOnlyForDeploymentPostprocessing = 0;
		};
/* End PBXHeadersBuildPhase section */

/* Begin PBXNativeTarget section */
		8F4C938320110E7800E544AD /* ConvexHull */ = {
			isa = PBXNativeTarget;
			buildConfigurationList = 8F4C939820110E7800E544AD /* Build configuration list for PBXNativeTarget "ConvexHull" */;
			buildPhases = (
				8F4C937F20110E7800E544AD /* Sources */,
				8F4C938020110E7800E544AD /* Frameworks */,
				8F4C938120110E7800E544AD /* Headers */,
				8F4C938220110E7800E544AD /* Resources */,
			);
			buildRules = (
			);
			dependencies = (
			);
			name = ConvexHull;
			productName = ConvexHull;
			productReference = 8F4C938420110E7800E544AD /* ConvexHull.framework */;
			productType = "com.apple.product-type.framework";
		};
		8F4C938C20110E7800E544AD /* ConvexHullTests */ = {
			isa = PBXNativeTarget;
			buildConfigurationList = 8F4C939B20110E7800E544AD /* Build configuration list for PBXNativeTarget "ConvexHullTests" */;
			buildPhases = (
				8F4C938920110E7800E544AD /* Sources */,
				8F4C938A20110E7800E544AD /* Frameworks */,
				8F4C938B20110E7800E544AD /* Resources */,
			);
			buildRules = (
			);
			dependencies = (
				8F4C939020110E7800E544AD /* PBXTargetDependency */,
			);
			name = ConvexHullTests;
			productName = ConvexHullTests;
			productReference = 8F4C938D20110E7800E544AD /* ConvexHullTests.xctest */;
			productType = "com.apple.product-type.bundle.unit-test";
		};
/* End PBXNativeTarget section */

/* Begin PBXProject section */
		8F4C937B20110E7800E544AD /* Project object */ = {
			isa = PBXProject;
			attributes = {
				LastSwiftUpdateCheck = 0920;
				LastUpgradeCheck = 0920;
				ORGANIZATIONNAME = "Datum Apps";
				TargetAttributes = {
					8F4C938320110E7800E544AD = {
						CreatedOnToolsVersion = 9.2;
						LastSwiftMigration = 0920;
						ProvisioningStyle = Automatic;
					};
					8F4C938C20110E7800E544AD = {
						CreatedOnToolsVersion = 9.2;
						ProvisioningStyle = Automatic;
					};
				};
			};
			buildConfigurationList = 8F4C937E20110E7800E544AD /* Build configuration list for PBXProject "ConvexHull" */;
			compatibilityVersion = "Xcode 8.0";
			developmentRegion = en;
			hasScannedForEncodings = 0;
			knownRegions = (
				en,
			);
			mainGroup = 8F4C937A20110E7800E544AD;
			productRefGroup = 8F4C938520110E7800E544AD /* Products */;
			projectDirPath = "";
			projectRoot = "";
			targets = (
				8F4C938320110E7800E544AD /* ConvexHull */,
				8F4C938C20110E7800E544AD /* ConvexHullTests */,
			);
		};
/* End PBXProject section */

/* Begin PBXResourcesBuildPhase section */
		8F4C938220110E7800E544AD /* Resources */ = {
			isa = PBXResourcesBuildPhase;
			buildActionMask = 2147483647;
			files = (
			);
			runOnlyForDeploymentPostprocessing = 0;
		};
		8F4C938B20110E7800E544AD /* Resources */ = {
			isa = PBXResourcesBuildPhase;
			buildActionMask = 2147483647;
			files = (
			);
			runOnlyForDeploymentPostprocessing = 0;
		};
/* End PBXResourcesBuildPhase section */

/* Begin PBXSourcesBuildPhase section */
		8F4C937F20110E7800E544AD /* Sources */ = {
			isa = PBXSourcesBuildPhase;
			buildActionMask = 2147483647;
			files = (
				8F1BDDF32011850C0021D8C1 /* Random.swift in Sources */,
				8F4C93A32011134A00E544AD /* DataModel.swift in Sources */,
				8F4C93AB201127C600E544AD /* ConvexFace.swift in Sources */,
				8F4C93A52011159100E544AD /* Collections.swift in Sources */,
				8F1BDDF7201232440021D8C1 /* Array+Additions.swift in Sources */,
				8F4C93AF20112F3000E544AD /* ConvexHull.swift in Sources */,
				8F4C93A920111EFE00E544AD /* ConvexHullAlgorithm.swift in Sources */,
				8F1BDE222012B34E0021D8C1 /* Vector3.swift in Sources */,
				8F4C93AD20112BD800E544AD /* Constants.swift in Sources */,
			);
			runOnlyForDeploymentPostprocessing = 0;
		};
		8F4C938920110E7800E544AD /* Sources */ = {
			isa = PBXSourcesBuildPhase;
			buildActionMask = 2147483647;
			files = (
				8F4C939320110E7800E544AD /* ConvexHullTests.swift in Sources */,
			);
			runOnlyForDeploymentPostprocessing = 0;
		};
/* End PBXSourcesBuildPhase section */

/* Begin PBXTargetDependency section */
		8F4C939020110E7800E544AD /* PBXTargetDependency */ = {
			isa = PBXTargetDependency;
			target = 8F4C938320110E7800E544AD /* ConvexHull */;
			targetProxy = 8F4C938F20110E7800E544AD /* PBXContainerItemProxy */;
		};
/* End PBXTargetDependency section */

/* Begin XCBuildConfiguration section */
		8F4C939620110E7800E544AD /* Debug */ = {
			isa = XCBuildConfiguration;
			buildSettings = {
				ALWAYS_SEARCH_USER_PATHS = NO;
				CLANG_ANALYZER_NONNULL = YES;
				CLANG_ANALYZER_NUMBER_OBJECT_CONVERSION = YES_AGGRESSIVE;
				CLANG_CXX_LANGUAGE_STANDARD = "gnu++14";
				CLANG_CXX_LIBRARY = "libc++";
				CLANG_ENABLE_MODULES = YES;
				CLANG_ENABLE_OBJC_ARC = YES;
				CLANG_WARN_BLOCK_CAPTURE_AUTORELEASING = YES;
				CLANG_WARN_BOOL_CONVERSION = YES;
				CLANG_WARN_COMMA = YES;
				CLANG_WARN_CONSTANT_CONVERSION = YES;
				CLANG_WARN_DIRECT_OBJC_ISA_USAGE = YES_ERROR;
				CLANG_WARN_DOCUMENTATION_COMMENTS = YES;
				CLANG_WARN_EMPTY_BODY = YES;
				CLANG_WARN_ENUM_CONVERSION = YES;
				CLANG_WARN_INFINITE_RECURSION = YES;
				CLANG_WARN_INT_CONVERSION = YES;
				CLANG_WARN_NON_LITERAL_NULL_CONVERSION = YES;
				CLANG_WARN_OBJC_LITERAL_CONVERSION = YES;
				CLANG_WARN_OBJC_ROOT_CLASS = YES_ERROR;
				CLANG_WARN_RANGE_LOOP_ANALYSIS = YES;
				CLANG_WARN_STRICT_PROTOTYPES = YES;
				CLANG_WARN_SUSPICIOUS_MOVE = YES;
				CLANG_WARN_UNGUARDED_AVAILABILITY = YES_AGGRESSIVE;
				CLANG_WARN_UNREACHABLE_CODE = YES;
				CLANG_WARN__DUPLICATE_METHOD_MATCH = YES;
				CODE_SIGN_IDENTITY = "Mac Developer";
				COPY_PHASE_STRIP = NO;
				CURRENT_PROJECT_VERSION = 1;
				DEBUG_INFORMATION_FORMAT = dwarf;
				ENABLE_STRICT_OBJC_MSGSEND = YES;
				ENABLE_TESTABILITY = YES;
				GCC_C_LANGUAGE_STANDARD = gnu11;
				GCC_DYNAMIC_NO_PIC = NO;
				GCC_NO_COMMON_BLOCKS = YES;
				GCC_OPTIMIZATION_LEVEL = 0;
				GCC_PREPROCESSOR_DEFINITIONS = (
					"DEBUG=1",
					"$(inherited)",
				);
				GCC_WARN_64_TO_32_BIT_CONVERSION = YES;
				GCC_WARN_ABOUT_RETURN_TYPE = YES_ERROR;
				GCC_WARN_UNDECLARED_SELECTOR = YES;
				GCC_WARN_UNINITIALIZED_AUTOS = YES_AGGRESSIVE;
				GCC_WARN_UNUSED_FUNCTION = YES;
				GCC_WARN_UNUSED_VARIABLE = YES;
				MACOSX_DEPLOYMENT_TARGET = 10.13;
				MTL_ENABLE_DEBUG_INFO = YES;
				ONLY_ACTIVE_ARCH = YES;
				SDKROOT = macosx;
				SWIFT_ACTIVE_COMPILATION_CONDITIONS = DEBUG;
				SWIFT_OPTIMIZATION_LEVEL = "-Onone";
				VERSIONING_SYSTEM = "apple-generic";
				VERSION_INFO_PREFIX = "";
			};
			name = Debug;
		};
		8F4C939720110E7800E544AD /* Release */ = {
			isa = XCBuildConfiguration;
			buildSettings = {
				ALWAYS_SEARCH_USER_PATHS = NO;
				CLANG_ANALYZER_NONNULL = YES;
				CLANG_ANALYZER_NUMBER_OBJECT_CONVERSION = YES_AGGRESSIVE;
				CLANG_CXX_LANGUAGE_STANDARD = "gnu++14";
				CLANG_CXX_LIBRARY = "libc++";
				CLANG_ENABLE_MODULES = YES;
				CLANG_ENABLE_OBJC_ARC = YES;
				CLANG_WARN_BLOCK_CAPTURE_AUTORELEASING = YES;
				CLANG_WARN_BOOL_CONVERSION = YES;
				CLANG_WARN_COMMA = YES;
				CLANG_WARN_CONSTANT_CONVERSION = YES;
				CLANG_WARN_DIRECT_OBJC_ISA_USAGE = YES_ERROR;
				CLANG_WARN_DOCUMENTATION_COMMENTS = YES;
				CLANG_WARN_EMPTY_BODY = YES;
				CLANG_WARN_ENUM_CONVERSION = YES;
				CLANG_WARN_INFINITE_RECURSION = YES;
				CLANG_WARN_INT_CONVERSION = YES;
				CLANG_WARN_NON_LITERAL_NULL_CONVERSION = YES;
				CLANG_WARN_OBJC_LITERAL_CONVERSION = YES;
				CLANG_WARN_OBJC_ROOT_CLASS = YES_ERROR;
				CLANG_WARN_RANGE_LOOP_ANALYSIS = YES;
				CLANG_WARN_STRICT_PROTOTYPES = YES;
				CLANG_WARN_SUSPICIOUS_MOVE = YES;
				CLANG_WARN_UNGUARDED_AVAILABILITY = YES_AGGRESSIVE;
				CLANG_WARN_UNREACHABLE_CODE = YES;
				CLANG_WARN__DUPLICATE_METHOD_MATCH = YES;
				CODE_SIGN_IDENTITY = "Mac Developer";
				COPY_PHASE_STRIP = NO;
				CURRENT_PROJECT_VERSION = 1;
				DEBUG_INFORMATION_FORMAT = "dwarf-with-dsym";
				ENABLE_NS_ASSERTIONS = NO;
				ENABLE_STRICT_OBJC_MSGSEND = YES;
				GCC_C_LANGUAGE_STANDARD = gnu11;
				GCC_NO_COMMON_BLOCKS = YES;
				GCC_WARN_64_TO_32_BIT_CONVERSION = YES;
				GCC_WARN_ABOUT_RETURN_TYPE = YES_ERROR;
				GCC_WARN_UNDECLARED_SELECTOR = YES;
				GCC_WARN_UNINITIALIZED_AUTOS = YES_AGGRESSIVE;
				GCC_WARN_UNUSED_FUNCTION = YES;
				GCC_WARN_UNUSED_VARIABLE = YES;
				MACOSX_DEPLOYMENT_TARGET = 10.13;
				MTL_ENABLE_DEBUG_INFO = NO;
				SDKROOT = macosx;
				SWIFT_OPTIMIZATION_LEVEL = "-Owholemodule";
				VERSIONING_SYSTEM = "apple-generic";
				VERSION_INFO_PREFIX = "";
			};
			name = Release;
		};
		8F4C939920110E7800E544AD /* Debug */ = {
			isa = XCBuildConfiguration;
			buildSettings = {
				CLANG_ENABLE_MODULES = YES;
				CODE_SIGN_IDENTITY = "";
				CODE_SIGN_STYLE = Automatic;
				COMBINE_HIDPI_IMAGES = YES;
				DEFINES_MODULE = YES;
				DEVELOPMENT_TEAM = QV4QS82KBT;
				DYLIB_COMPATIBILITY_VERSION = 1;
				DYLIB_CURRENT_VERSION = 1;
				DYLIB_INSTALL_NAME_BASE = "@rpath";
				FRAMEWORK_VERSION = A;
				INFOPLIST_FILE = ConvexHull/Info.plist;
				INSTALL_PATH = "$(LOCAL_LIBRARY_DIR)/Frameworks";
				LD_RUNPATH_SEARCH_PATHS = "$(inherited) @executable_path/../Frameworks @loader_path/Frameworks";
				PRODUCT_BUNDLE_IDENTIFIER = com.datumapps.ConvexHull;
				PRODUCT_NAME = "$(TARGET_NAME:c99extidentifier)";
				SKIP_INSTALL = YES;
				SWIFT_OPTIMIZATION_LEVEL = "-Onone";
				SWIFT_VERSION = 4.0;
			};
			name = Debug;
		};
		8F4C939A20110E7800E544AD /* Release */ = {
			isa = XCBuildConfiguration;
			buildSettings = {
				CLANG_ENABLE_MODULES = YES;
				CODE_SIGN_IDENTITY = "";
				CODE_SIGN_STYLE = Automatic;
				COMBINE_HIDPI_IMAGES = YES;
				DEFINES_MODULE = YES;
				DEVELOPMENT_TEAM = QV4QS82KBT;
				DYLIB_COMPATIBILITY_VERSION = 1;
				DYLIB_CURRENT_VERSION = 1;
				DYLIB_INSTALL_NAME_BASE = "@rpath";
				FRAMEWORK_VERSION = A;
				INFOPLIST_FILE = ConvexHull/Info.plist;
				INSTALL_PATH = "$(LOCAL_LIBRARY_DIR)/Frameworks";
				LD_RUNPATH_SEARCH_PATHS = "$(inherited) @executable_path/../Frameworks @loader_path/Frameworks";
				PRODUCT_BUNDLE_IDENTIFIER = com.datumapps.ConvexHull;
				PRODUCT_NAME = "$(TARGET_NAME:c99extidentifier)";
				SKIP_INSTALL = YES;
				SWIFT_VERSION = 4.0;
			};
			name = Release;
		};
		8F4C939C20110E7800E544AD /* Debug */ = {
			isa = XCBuildConfiguration;
			buildSettings = {
				ALWAYS_EMBED_SWIFT_STANDARD_LIBRARIES = YES;
				CODE_SIGN_STYLE = Automatic;
				COMBINE_HIDPI_IMAGES = YES;
				DEVELOPMENT_TEAM = QV4QS82KBT;
				INFOPLIST_FILE = ConvexHullTests/Info.plist;
				LD_RUNPATH_SEARCH_PATHS = "$(inherited) @executable_path/../Frameworks @loader_path/../Frameworks";
				PRODUCT_BUNDLE_IDENTIFIER = com.datumapps.ConvexHullTests;
				PRODUCT_NAME = "$(TARGET_NAME)";
				SWIFT_VERSION = 4.0;
			};
			name = Debug;
		};
		8F4C939D20110E7800E544AD /* Release */ = {
			isa = XCBuildConfiguration;
			buildSettings = {
				ALWAYS_EMBED_SWIFT_STANDARD_LIBRARIES = YES;
				CODE_SIGN_STYLE = Automatic;
				COMBINE_HIDPI_IMAGES = YES;
				DEVELOPMENT_TEAM = QV4QS82KBT;
				INFOPLIST_FILE = ConvexHullTests/Info.plist;
				LD_RUNPATH_SEARCH_PATHS = "$(inherited) @executable_path/../Frameworks @loader_path/../Frameworks";
				PRODUCT_BUNDLE_IDENTIFIER = com.datumapps.ConvexHullTests;
				PRODUCT_NAME = "$(TARGET_NAME)";
				SWIFT_VERSION = 4.0;
			};
			name = Release;
		};
/* End XCBuildConfiguration section */

/* Begin XCConfigurationList section */
		8F4C937E20110E7800E544AD /* Build configuration list for PBXProject "ConvexHull" */ = {
			isa = XCConfigurationList;
			buildConfigurations = (
				8F4C939620110E7800E544AD /* Debug */,
				8F4C939720110E7800E544AD /* Release */,
			);
			defaultConfigurationIsVisible = 0;
			defaultConfigurationName = Release;
		};
		8F4C939820110E7800E544AD /* Build configuration list for PBXNativeTarget "ConvexHull" */ = {
			isa = XCConfigurationList;
			buildConfigurations = (
				8F4C939920110E7800E544AD /* Debug */,
				8F4C939A20110E7800E544AD /* Release */,
			);
			defaultConfigurationIsVisible = 0;
			defaultConfigurationName = Release;
		};
		8F4C939B20110E7800E544AD /* Build configuration list for PBXNativeTarget "ConvexHullTests" */ = {
			isa = XCConfigurationList;
			buildConfigurations = (
				8F4C939C20110E7800E544AD /* Debug */,
				8F4C939D20110E7800E544AD /* Release */,
			);
			defaultConfigurationIsVisible = 0;
			defaultConfigurationName = Release;
		};
/* End XCConfigurationList section */
	};
	rootObject = 8F4C937B20110E7800E544AD /* Project object */;
}
